
Microsoft Visual Studio Solution File, Format Version 12.00
# Visual Studio 2013
VisualStudioVersion = 12.0.21005.1
MinimumVisualStudioVersion = 10.0.40219.1
Project("{FAE04EC0-301F-11D3-BF4B-00C04F79EFBC}") = "ControlPatio", "ControlPatio\ControlPatio.csproj", "{1110E78E-A45E-4C40-BF89-3F0B615F5E49}"
EndProject
Global
	GlobalSection(SolutionConfigurationPlatforms) = preSolution
		Debug|Any CPU = Debug|Any CPU
		Release|Any CPU = Release|Any CPU
	EndGlobalSection
	GlobalSection(ProjectConfigurationPlatforms) = postSolution
		{1110E78E-A45E-4C40-BF89-3F0B615F5E49}.Debug|Any CPU.ActiveCfg = Debug|Any CPU
		{1110E78E-A45E-4C40-BF89-3F0B615F5E49}.Debug|Any CPU.Build.0 = Debug|Any CPU
		{1110E78E-A45E-4C40-BF89-3F0B615F5E49}.Release|Any CPU.ActiveCfg = Release|Any CPU
		{1110E78E-A45E-4C40-BF89-3F0B615F5E49}.Release|Any CPU.Build.0 = Release|Any CPU
	EndGlobalSection
	GlobalSection(SolutionProperties) = preSolution
		HideSolutionNode = FALSE
	EndGlobalSection
EndGlobal
